<?xml version="1.0" encoding="utf-8"?>
<Project ToolsVersion="4.0" xmlns="http://schemas.microsoft.com/developer/msbuild/2003">
  <ItemGroup>
    <ClCompile Include="CTask.cpp">
      <Filter>Source Files</Filter>
    </ClCompile>
    <ClCompile Include="CTaskAllocator.cpp">
      <Filter>Source Files</Filter>
    </ClCompile>
    <ClCompile Include="CTaskCounter.cpp">
      <Filter>Source Files</Filter>
    </ClCompile>
    <ClCompile Include="CTaskManager.cpp">
      <Filter>Source Files</Filter>
    </ClCompile>
    <ClCompile Include="CWorker.cpp">
      <Filter>Source Files</Filter>
    </ClCompile>
    <ClCompile Include="dllmain.cpp">
      <Filter>Source Files</Filter>
    </ClCompile>
    <ClCompile Include="stdafx.cpp">
      <Filter>Source Files</Filter>
    </ClCompile>
  </ItemGroup>
  <ItemGroup>
    <ClInclude Include="CTask.h">
      <Filter>Header Files</Filter>
    </ClInclude>
    <ClInclude Include="CTaskAllocator.h">
      <Filter>Header Files</Filter>
    </ClInclude>
    <ClInclude Include="CTaskCounter.h">
      <Filter>Header Files</Filter>
    </ClInclude>
    <ClInclude Include="CTaskManager.h">
      <Filter>Header Files</Filter>
    </ClInclude>
    <ClInclude Include="CWorker.h">
      <Filter>Header Files</Filter>
    </ClInclude>
    <ClInclude Include="Export.h">
      <Filter>Header Files</Filter>
    </ClInclude>
    <ClInclude Include="stdafx.h">
      <Filter>Header Files</Filter>
    </ClInclude>
    <ClInclude Include="targetver.h">
      <Filter>Header Files</Filter>
    </ClInclude>
  </ItemGroup>
  <ItemGroup>
    <Filter Include="Header Files">
      <UniqueIdentifier>{75df0e73-3b01-48e9-bec0-01ed894d2138}</UniqueIdentifier>
    </Filter>
    <Filter Include="Source Files">
      <UniqueIdentifier>{1dd3f2ef-43dd-47d1-b658-57d49a1d217c}</UniqueIdentifier>
    </Filter>
  </ItemGroup>
</Project>