<?xml version="1.0" encoding="utf-8"?>
<Project ToolsVersion="4.0" xmlns="http://schemas.microsoft.com/developer/msbuild/2003">
  <ItemGroup>
    <Filter Include="Source Files">
      <UniqueIdentifier>{4FC737F1-C7A5-4376-A066-2A32D752A2FF}</UniqueIdentifier>
      <Extensions>cpp;c;cc;cxx;c++;cppm;ixx;def;odl;idl;hpj;bat;asm;asmx</Extensions>
    </Filter>
    <Filter Include="sftm">
      <UniqueIdentifier>{1939ad00-16bb-43a1-b3dc-2ce7f4e403e1}</UniqueIdentifier>
    </Filter>
  </ItemGroup>
  <ItemGroup>
    <ClCompile Include="demo.cpp">
      <Filter>Source Files</Filter>
    </ClCompile>
  </ItemGroup>
  <ItemGroup>
    <ClInclude Include="..\..\..\CChainController.hpp">
      <Filter>sftm</Filter>
    </ClInclude>
    <ClInclude Include="..\..\..\CConcurrentPtrQueue.hpp">
      <Filter>sftm</Filter>
    </ClInclude>
    <ClInclude Include="..\..\..\CCriticalSectionLock.hpp">
      <Filter>sftm</Filter>
    </ClInclude>
    <ClInclude Include="..\..\..\CPrivateHeapManager.hpp">
      <Filter>sftm</Filter>
    </ClInclude>
    <ClInclude Include="..\..\..\CSpinLock.hpp">
      <Filter>sftm</Filter>
    </ClInclude>
    <ClInclude Include="..\..\..\CSyncPrimitive.hpp">
      <Filter>sftm</Filter>
    </ClInclude>
    <ClInclude Include="..\..\..\CTask.hpp">
      <Filter>sftm</Filter>
    </ClInclude>
    <ClInclude Include="..\..\..\CTaskManager.hpp">
      <Filter>sftm</Filter>
    </ClInclude>
    <ClInclude Include="..\..\..\CWorker.hpp">
      <Filter>sftm</Filter>
    </ClInclude>
    <ClInclude Include="..\..\..\Utils.hpp">
      <Filter>sftm</Filter>
    </ClInclude>
    <ClInclude Include="..\..\..\configs.h">
      <Filter>sftm</Filter>
    </ClInclude>
  </ItemGroup>
</Project>